
Microsoft Visual Studio Solution File, Format Version 12.00
# Visual Studio Version 17
VisualStudioVersion = 17.6.33712.159
MinimumVisualStudioVersion = 10.0.40219.1
Project("{FAE04EC0-301F-11D3-BF4B-00C04F79EFBC}") = "WpfApp1", "WpfApp1\WpfApp1.csproj", "{0D9FF402-8A2A-434E-8AD1-AA5A0D29AC77}"
EndProject
Global
	GlobalSection(SolutionConfigurationPlatforms) = preSolution
		Debug|Any CPU = Debug|Any CPU
		Release|Any CPU = Release|Any CPU
	EndGlobalSection
	GlobalSection(ProjectConfigurationPlatforms) = postSolution
		{0D9FF402-8A2A-434E-8AD1-AA5A0D29AC77}.Debug|Any CPU.ActiveCfg = Debug|Any CPU
		{0D9FF402-8A2A-434E-8AD1-AA5A0D29AC77}.Debug|Any CPU.Build.0 = Debug|Any CPU
		{0D9FF402-8A2A-434E-8AD1-AA5A0D29AC77}.Release|Any CPU.ActiveCfg = Release|Any CPU
		{0D9FF402-8A2A-434E-8AD1-AA5A0D29AC77}.Release|Any CPU.Build.0 = Release|Any CPU
	EndGlobalSection
	GlobalSection(SolutionProperties) = preSolution
		HideSolutionNode = FALSE
	EndGlobalSection
	GlobalSection(ExtensibilityGlobals) = postSolution
		SolutionGuid = {D8FBF86F-C809-4665-9E25-765D6554A08E}
	EndGlobalSection
EndGlobal
